
Microsoft Visual Studio Solution File, Format Version 12.00
# Visual Studio Version 17
VisualStudioVersion = 17.1.32328.378
MinimumVisualStudioVersion = 10.0.40219.1
Project("{FAE04EC0-301F-11D3-BF4B-00C04F79EFBC}") = "CursoMVC", "CursoMVC\CursoMVC.csproj", "{0361901F-F174-4B25-B4EE-A895AE662D89}"
EndProject
Global
	GlobalSection(SolutionConfigurationPlatforms) = preSolution
		Debug|Any CPU = Debug|Any CPU
		Release|Any CPU = Release|Any CPU
	EndGlobalSection
	GlobalSection(ProjectConfigurationPlatforms) = postSolution
		{0361901F-F174-4B25-B4EE-A895AE662D89}.Debug|Any CPU.ActiveCfg = Debug|Any CPU
		{0361901F-F174-4B25-B4EE-A895AE662D89}.Debug|Any CPU.Build.0 = Debug|Any CPU
		{0361901F-F174-4B25-B4EE-A895AE662D89}.Release|Any CPU.ActiveCfg = Release|Any CPU
		{0361901F-F174-4B25-B4EE-A895AE662D89}.Release|Any CPU.Build.0 = Release|Any CPU
	EndGlobalSection
	GlobalSection(SolutionProperties) = preSolution
		HideSolutionNode = FALSE
	EndGlobalSection
	GlobalSection(ExtensibilityGlobals) = postSolution
		SolutionGuid = {386B0847-D7BC-47E3-BEEB-1CF029205418}
	EndGlobalSection
EndGlobal
